
Microsoft Visual Studio Solution File, Format Version 12.00
# Visual Studio Version 17
VisualStudioVersion = 17.13.35931.197
MinimumVisualStudioVersion = 10.0.40219.1
Project("{FAE04EC0-301F-11D3-BF4B-00C04F79EFBC}") = "JegyMester", "Jegymester\JegyMester.csproj", "{9BE91140-0AFF-A3F5-7D17-69DB3C0BC582}"
EndProject
Project("{FAE04EC0-301F-11D3-BF4B-00C04F79EFBC}") = "JegyMester.DataContext", "JegyMester.DataContext\JegyMester.DataContext.csproj", "{5287F109-433F-4C4E-BBD4-A0903B13A8E4}"
EndProject
Project("{FAE04EC0-301F-11D3-BF4B-00C04F79EFBC}") = "JegyMester.Services", "JegyMester.Services\JegyMester.Services.csproj", "{A4B95D6D-F952-4FC3-9CB0-E1E8B6A3B734}"
EndProject
Global
	GlobalSection(SolutionConfigurationPlatforms) = preSolution
		Debug|Any CPU = Debug|Any CPU
		Release|Any CPU = Release|Any CPU
	EndGlobalSection
	GlobalSection(ProjectConfigurationPlatforms) = postSolution
		{9BE91140-0AFF-A3F5-7D17-69DB3C0BC582}.Debug|Any CPU.ActiveCfg = Debug|Any CPU
		{9BE91140-0AFF-A3F5-7D17-69DB3C0BC582}.Debug|Any CPU.Build.0 = Debug|Any CPU
		{9BE91140-0AFF-A3F5-7D17-69DB3C0BC582}.Release|Any CPU.ActiveCfg = Release|Any CPU
		{9BE91140-0AFF-A3F5-7D17-69DB3C0BC582}.Release|Any CPU.Build.0 = Release|Any CPU
		{5287F109-433F-4C4E-BBD4-A0903B13A8E4}.Debug|Any CPU.ActiveCfg = Debug|Any CPU
		{5287F109-433F-4C4E-BBD4-A0903B13A8E4}.Debug|Any CPU.Build.0 = Debug|Any CPU
		{5287F109-433F-4C4E-BBD4-A0903B13A8E4}.Release|Any CPU.ActiveCfg = Release|Any CPU
		{5287F109-433F-4C4E-BBD4-A0903B13A8E4}.Release|Any CPU.Build.0 = Release|Any CPU
		{A4B95D6D-F952-4FC3-9CB0-E1E8B6A3B734}.Debug|Any CPU.ActiveCfg = Debug|Any CPU
		{A4B95D6D-F952-4FC3-9CB0-E1E8B6A3B734}.Debug|Any CPU.Build.0 = Debug|Any CPU
		{A4B95D6D-F952-4FC3-9CB0-E1E8B6A3B734}.Release|Any CPU.ActiveCfg = Release|Any CPU
		{A4B95D6D-F952-4FC3-9CB0-E1E8B6A3B734}.Release|Any CPU.Build.0 = Release|Any CPU
	EndGlobalSection
	GlobalSection(SolutionProperties) = preSolution
		HideSolutionNode = FALSE
	EndGlobalSection
	GlobalSection(ExtensibilityGlobals) = postSolution
		SolutionGuid = {B26E4254-261C-4C5F-B916-879367EECC05}
	EndGlobalSection
EndGlobal
