
Microsoft Visual Studio Solution File, Format Version 12.00
# Visual Studio Version 17
VisualStudioVersion = 17.14.36623.8
MinimumVisualStudioVersion = 10.0.40219.1
Project("{FAE04EC0-301F-11D3-BF4B-00C04F79EFBC}") = "Jegymester", "Jegymester\Jegymester.csproj", "{9BE91140-0AFF-A3F5-7D17-69DB3C0BC582}"
EndProject
Global
	GlobalSection(SolutionConfigurationPlatforms) = preSolution
		Debug|Any CPU = Debug|Any CPU
		Release|Any CPU = Release|Any CPU
	EndGlobalSection
	GlobalSection(ProjectConfigurationPlatforms) = postSolution
		{9BE91140-0AFF-A3F5-7D17-69DB3C0BC582}.Debug|Any CPU.ActiveCfg = Debug|Any CPU
		{9BE91140-0AFF-A3F5-7D17-69DB3C0BC582}.Debug|Any CPU.Build.0 = Debug|Any CPU
		{9BE91140-0AFF-A3F5-7D17-69DB3C0BC582}.Release|Any CPU.ActiveCfg = Release|Any CPU
		{9BE91140-0AFF-A3F5-7D17-69DB3C0BC582}.Release|Any CPU.Build.0 = Release|Any CPU
	EndGlobalSection
	GlobalSection(SolutionProperties) = preSolution
		HideSolutionNode = FALSE
	EndGlobalSection
	GlobalSection(ExtensibilityGlobals) = postSolution
		SolutionGuid = {B26E4254-261C-4C5F-B916-879367EECC05}
	EndGlobalSection
EndGlobal
